
Microsoft Visual Studio Solution File, Format Version 12.00
# Visual Studio for Mac
Project("{FAE04EC0-301F-11D3-BF4B-00C04F79EFBC}") = "match3 test", "match3 test.csproj", "{08E78007-E4D7-7EC5-3A07-0FA64B3FF16D}"
EndProject
Global
	GlobalSection(SolutionConfigurationPlatforms) = preSolution
		Debug|Any CPU = Debug|Any CPU
		Release|Any CPU = Release|Any CPU
	EndGlobalSection
	GlobalSection(ProjectConfigurationPlatforms) = postSolution
		{08E78007-E4D7-7EC5-3A07-0FA64B3FF16D}.Debug|Any CPU.ActiveCfg = Debug|Any CPU
		{08E78007-E4D7-7EC5-3A07-0FA64B3FF16D}.Debug|Any CPU.Build.0 = Debug|Any CPU
		{08E78007-E4D7-7EC5-3A07-0FA64B3FF16D}.Release|Any CPU.ActiveCfg = Release|Any CPU
		{08E78007-E4D7-7EC5-3A07-0FA64B3FF16D}.Release|Any CPU.Build.0 = Release|Any CPU
	EndGlobalSection
	GlobalSection(SolutionProperties) = preSolution
		HideSolutionNode = FALSE
	EndGlobalSection
EndGlobal
